// !$*UTF8*$!
{
	archiveVersion = 1;
	classes = {
	};
	objectVersion = 77;
	objects = {

/* Begin PBXContainerItemProxy section */
		B9C95C862DDE7AF60066DB62 /* PBXContainerItemProxy */ = {
			isa = PBXContainerItemProxy;
			containerPortal = B9C95C702DDE7AF40066DB62 /* Project object */;
			proxyType = 1;
			remoteGlobalIDString = B9C95C772DDE7AF40066DB62;
			remoteInfo = SwiftUIAsyncImage;
		};
		B9C95C902DDE7AF60066DB62 /* PBXContainerItemProxy */ = {
			isa = PBXContainerItemProxy;
			containerPortal = B9C95C702DDE7AF40066DB62 /* Project object */;
			proxyType = 1;
			remoteGlobalIDString = B9C95C772DDE7AF40066DB62;
			remoteInfo = SwiftUIAsyncImage;
		};
/* End PBXContainerItemProxy section */

/* Begin PBXFileReference section */
		B9C95C782DDE7AF40066DB62 /* SwiftUIAsyncImage.app */ = {isa = PBXFileReference; explicitFileType = wrapper.application; includeInIndex = 0; path = SwiftUIAsyncImage.app; sourceTree = BUILT_PRODUCTS_DIR; };
		B9C95C852DDE7AF60066DB62 /* SwiftUIAsyncImageTests.xctest */ = {isa = PBXFileReference; explicitFileType = wrapper.cfbundle; includeInIndex = 0; path = SwiftUIAsyncImageTests.xctest; sourceTree = BUILT_PRODUCTS_DIR; };
		B9C95C8F2DDE7AF60066DB62 /* SwiftUIAsyncImageUITests.xctest */ = {isa = PBXFileReference; explicitFileType = wrapper.cfbundle; includeInIndex = 0; path = SwiftUIAsyncImageUITests.xctest; sourceTree = BUILT_PRODUCTS_DIR; };
/* End PBXFileReference section */

/* Begin PBXFileSystemSynchronizedRootGroup section */
		B9C95C7A2DDE7AF40066DB62 /* SwiftUIAsyncImage */ = {
			isa = PBXFileSystemSynchronizedRootGroup;
			path = SwiftUIAsyncImage;
			sourceTree = "<group>";
		};
		B9C95C882DDE7AF60066DB62 /* SwiftUIAsyncImageTests */ = {
			isa = PBXFileSystemSynchronizedRootGroup;
			path = SwiftUIAsyncImageTests;
			sourceTree = "<group>";
		};
		B9C95C922DDE7AF60066DB62 /* SwiftUIAsyncImageUITests */ = {
			isa = PBXFileSystemSynchronizedRootGroup;
			path = SwiftUIAsyncImageUITests;
			sourceTree = "<group>";
		};
/* End PBXFileSystemSynchronizedRootGroup section */

/* Begin PBXFrameworksBuildPhase section */
		B9C95C752DDE7AF40066DB62 /* Frameworks */ = {
			isa = PBXFrameworksBuildPhase;
			buildActionMask = 2147483647;
			files = (
			);
			runOnlyForDeploymentPostprocessing = 0;
		};
		B9C95C822DDE7AF60066DB62 /* Frameworks */ = {
			isa = PBXFrameworksBuildPhase;
			buildActionMask = 2147483647;
			files = (
			);
			runOnlyForDeploymentPostprocessing = 0;
		};
		B9C95C8C2DDE7AF60066DB62 /* Frameworks */ = {
			isa = PBXFrameworksBuildPhase;
			buildActionMask = 2147483647;
			files = (
			);
			runOnlyForDeploymentPostprocessing = 0;
		};
/* End PBXFrameworksBuildPhase section */

/* Begin PBXGroup section */
		B9C95C6F2DDE7AF40066DB62 = {
			isa = PBXGroup;
			children = (
				B9C95C7A2DDE7AF40066DB62 /* SwiftUIAsyncImage */,
				B9C95C882DDE7AF60066DB62 /* SwiftUIAsyncImageTests */,
				B9C95C922DDE7AF60066DB62 /* SwiftUIAsyncImageUITests */,
				B9C95C792DDE7AF40066DB62 /* Products */,
			);
			sourceTree = "<group>";
		};
		B9C95C792DDE7AF40066DB62 /* Products */ = {
			isa = PBXGroup;
			children = (
				B9C95C782DDE7AF40066DB62 /* SwiftUIAsyncImage.app */,
				B9C95C852DDE7AF60066DB62 /* SwiftUIAsyncImageTests.xctest */,
				B9C95C8F2DDE7AF60066DB62 /* SwiftUIAsyncImageUITests.xctest */,
			);
			name = Products;
			sourceTree = "<group>";
		};
/* End PBXGroup section */

/* Begin PBXNativeTarget section */
		B9C95C772DDE7AF40066DB62 /* SwiftUIAsyncImage */ = {
			isa = PBXNativeTarget;
			buildConfigurationList = B9C95C992DDE7AF60066DB62 /* Build configuration list for PBXNativeTarget "SwiftUIAsyncImage" */;
			buildPhases = (
				B9C95C742DDE7AF40066DB62 /* Sources */,
				B9C95C752DDE7AF40066DB62 /* Frameworks */,
				B9C95C762DDE7AF40066DB62 /* Resources */,
			);
			buildRules = (
			);
			dependencies = (
			);
			fileSystemSynchronizedGroups = (
				B9C95C7A2DDE7AF40066DB62 /* SwiftUIAsyncImage */,
			);
			name = SwiftUIAsyncImage;
			packageProductDependencies = (
			);
			productName = SwiftUIAsyncImage;
			productReference = B9C95C782DDE7AF40066DB62 /* SwiftUIAsyncImage.app */;
			productType = "com.apple.product-type.application";
		};
		B9C95C842DDE7AF60066DB62 /* SwiftUIAsyncImageTests */ = {
			isa = PBXNativeTarget;
			buildConfigurationList = B9C95C9C2DDE7AF60066DB62 /* Build configuration list for PBXNativeTarget "SwiftUIAsyncImageTests" */;
			buildPhases = (
				B9C95C812DDE7AF60066DB62 /* Sources */,
				B9C95C822DDE7AF60066DB62 /* Frameworks */,
				B9C95C832DDE7AF60066DB62 /* Resources */,
			);
			buildRules = (
			);
			dependencies = (
				B9C95C872DDE7AF60066DB62 /* PBXTargetDependency */,
			);
			fileSystemSynchronizedGroups = (
				B9C95C882DDE7AF60066DB62 /* SwiftUIAsyncImageTests */,
			);
			name = SwiftUIAsyncImageTests;
			packageProductDependencies = (
			);
			productName = SwiftUIAsyncImageTests;
			productReference = B9C95C852DDE7AF60066DB62 /* SwiftUIAsyncImageTests.xctest */;
			productType = "com.apple.product-type.bundle.unit-test";
		};
		B9C95C8E2DDE7AF60066DB62 /* SwiftUIAsyncImageUITests */ = {
			isa = PBXNativeTarget;
			buildConfigurationList = B9C95C9F2DDE7AF60066DB62 /* Build configuration list for PBXNativeTarget "SwiftUIAsyncImageUITests" */;
			buildPhases = (
				B9C95C8B2DDE7AF60066DB62 /* Sources */,
				B9C95C8C2DDE7AF60066DB62 /* Frameworks */,
				B9C95C8D2DDE7AF60066DB62 /* Resources */,
			);
			buildRules = (
			);
			dependencies = (
				B9C95C912DDE7AF60066DB62 /* PBXTargetDependency */,
			);
			fileSystemSynchronizedGroups = (
				B9C95C922DDE7AF60066DB62 /* SwiftUIAsyncImageUITests */,
			);
			name = SwiftUIAsyncImageUITests;
			packageProductDependencies = (
			);
			productName = SwiftUIAsyncImageUITests;
			productReference = B9C95C8F2DDE7AF60066DB62 /* SwiftUIAsyncImageUITests.xctest */;
			productType = "com.apple.product-type.bundle.ui-testing";
		};
/* End PBXNativeTarget section */

/* Begin PBXProject section */
		B9C95C702DDE7AF40066DB62 /* Project object */ = {
			isa = PBXProject;
			attributes = {
				BuildIndependentTargetsInParallel = 1;
				LastSwiftUpdateCheck = 1630;
				LastUpgradeCheck = 1630;
				TargetAttributes = {
					B9C95C772DDE7AF40066DB62 = {
						CreatedOnToolsVersion = 16.3;
					};
					B9C95C842DDE7AF60066DB62 = {
						CreatedOnToolsVersion = 16.3;
						TestTargetID = B9C95C772DDE7AF40066DB62;
					};
					B9C95C8E2DDE7AF60066DB62 = {
						CreatedOnToolsVersion = 16.3;
						TestTargetID = B9C95C772DDE7AF40066DB62;
					};
				};
			};
			buildConfigurationList = B9C95C732DDE7AF40066DB62 /* Build configuration list for PBXProject "SwiftUIAsyncImage" */;
			developmentRegion = en;
			hasScannedForEncodings = 0;
			knownRegions = (
				en,
				Base,
			);
			mainGroup = B9C95C6F2DDE7AF40066DB62;
			minimizedProjectReferenceProxies = 1;
			preferredProjectObjectVersion = 77;
			productRefGroup = B9C95C792DDE7AF40066DB62 /* Products */;
			projectDirPath = "";
			projectRoot = "";
			targets = (
				B9C95C772DDE7AF40066DB62 /* SwiftUIAsyncImage */,
				B9C95C842DDE7AF60066DB62 /* SwiftUIAsyncImageTests */,
				B9C95C8E2DDE7AF60066DB62 /* SwiftUIAsyncImageUITests */,
			);
		};
/* End PBXProject section */

/* Begin PBXResourcesBuildPhase section */
		B9C95C762DDE7AF40066DB62 /* Resources */ = {
			isa = PBXResourcesBuildPhase;
			buildActionMask = 2147483647;
			files = (
			);
			runOnlyForDeploymentPostprocessing = 0;
		};
		B9C95C832DDE7AF60066DB62 /* Resources */ = {
			isa = PBXResourcesBuildPhase;
			buildActionMask = 2147483647;
			files = (
			);
			runOnlyForDeploymentPostprocessing = 0;
		};
		B9C95C8D2DDE7AF60066DB62 /* Resources */ = {
			isa = PBXResourcesBuildPhase;
			buildActionMask = 2147483647;
			files = (
			);
			runOnlyForDeploymentPostprocessing = 0;
		};
/* End PBXResourcesBuildPhase section */

/* Begin PBXSourcesBuildPhase section */
		B9C95C742DDE7AF40066DB62 /* Sources */ = {
			isa = PBXSourcesBuildPhase;
			buildActionMask = 2147483647;
			files = (
			);
			runOnlyForDeploymentPostprocessing = 0;
		};
		B9C95C812DDE7AF60066DB62 /* Sources */ = {
			isa = PBXSourcesBuildPhase;
			buildActionMask = 2147483647;
			files = (
			);
			runOnlyForDeploymentPostprocessing = 0;
		};
		B9C95C8B2DDE7AF60066DB62 /* Sources */ = {
			isa = PBXSourcesBuildPhase;
			buildActionMask = 2147483647;
			files = (
			);
			runOnlyForDeploymentPostprocessing = 0;
		};
/* End PBXSourcesBuildPhase section */

/* Begin PBXTargetDependency section */
		B9C95C872DDE7AF60066DB62 /* PBXTargetDependency */ = {
			isa = PBXTargetDependency;
			target = B9C95C772DDE7AF40066DB62 /* SwiftUIAsyncImage */;
			targetProxy = B9C95C862DDE7AF60066DB62 /* PBXContainerItemProxy */;
		};
		B9C95C912DDE7AF60066DB62 /* PBXTargetDependency */ = {
			isa = PBXTargetDependency;
			target = B9C95C772DDE7AF40066DB62 /* SwiftUIAsyncImage */;
			targetProxy = B9C95C902DDE7AF60066DB62 /* PBXContainerItemProxy */;
		};
/* End PBXTargetDependency section */

/* Begin XCBuildConfiguration section */
		B9C95C972DDE7AF60066DB62 /* Debug */ = {
			isa = XCBuildConfiguration;
			buildSettings = {
				ALWAYS_SEARCH_USER_PATHS = NO;
				ASSETCATALOG_COMPILER_GENERATE_SWIFT_ASSET_SYMBOL_EXTENSIONS = YES;
				CLANG_ANALYZER_NONNULL = YES;
				CLANG_ANALYZER_NUMBER_OBJECT_CONVERSION = YES_AGGRESSIVE;
				CLANG_CXX_LANGUAGE_STANDARD = "gnu++20";
				CLANG_ENABLE_MODULES = YES;
				CLANG_ENABLE_OBJC_ARC = YES;
				CLANG_ENABLE_OBJC_WEAK = YES;
				CLANG_WARN_BLOCK_CAPTURE_AUTORELEASING = YES;
				CLANG_WARN_BOOL_CONVERSION = YES;
				CLANG_WARN_COMMA = YES;
				CLANG_WARN_CONSTANT_CONVERSION = YES;
				CLANG_WARN_DEPRECATED_OBJC_IMPLEMENTATIONS = YES;
				CLANG_WARN_DIRECT_OBJC_ISA_USAGE = YES_ERROR;
				CLANG_WARN_DOCUMENTATION_COMMENTS = YES;
				CLANG_WARN_EMPTY_BODY = YES;
				CLANG_WARN_ENUM_CONVERSION = YES;
				CLANG_WARN_INFINITE_RECURSION = YES;
				CLANG_WARN_INT_CONVERSION = YES;
				CLANG_WARN_NON_LITERAL_NULL_CONVERSION = YES;
				CLANG_WARN_OBJC_IMPLICIT_RETAIN_SELF = YES;
				CLANG_WARN_OBJC_LITERAL_CONVERSION = YES;
				CLANG_WARN_OBJC_ROOT_CLASS = YES_ERROR;
				CLANG_WARN_QUOTED_INCLUDE_IN_FRAMEWORK_HEADER = YES;
				CLANG_WARN_RANGE_LOOP_ANALYSIS = YES;
				CLANG_WARN_STRICT_PROTOTYPES = YES;
				CLANG_WARN_SUSPICIOUS_MOVE = YES;
				CLANG_WARN_UNGUARDED_AVAILABILITY = YES_AGGRESSIVE;
				CLANG_WARN_UNREACHABLE_CODE = YES;
				CLANG_WARN__DUPLICATE_METHOD_MATCH = YES;
				COPY_PHASE_STRIP = NO;
				DEBUG_INFORMATION_FORMAT = dwarf;
				ENABLE_STRICT_OBJC_MSGSEND = YES;
				ENABLE_TESTABILITY = YES;
				ENABLE_USER_SCRIPT_SANDBOXING = YES;
				GCC_C_LANGUAGE_STANDARD = gnu17;
				GCC_DYNAMIC_NO_PIC = NO;
				GCC_NO_COMMON_BLOCKS = YES;
				GCC_OPTIMIZATION_LEVEL = 0;
				GCC_PREPROCESSOR_DEFINITIONS = (
					"DEBUG=1",
					"$(inherited)",
				);
				GCC_WARN_64_TO_32_BIT_CONVERSION = YES;
				GCC_WARN_ABOUT_RETURN_TYPE = YES_ERROR;
				GCC_WARN_UNDECLARED_SELECTOR = YES;
				GCC_WARN_UNINITIALIZED_AUTOS = YES_AGGRESSIVE;
				GCC_WARN_UNUSED_FUNCTION = YES;
				GCC_WARN_UNUSED_VARIABLE = YES;
				IPHONEOS_DEPLOYMENT_TARGET = 18.4;
				LOCALIZATION_PREFERS_STRING_CATALOGS = YES;
				MTL_ENABLE_DEBUG_INFO = INCLUDE_SOURCE;
				MTL_FAST_MATH = YES;
				ONLY_ACTIVE_ARCH = YES;
				SDKROOT = iphoneos;
				SWIFT_ACTIVE_COMPILATION_CONDITIONS = "DEBUG $(inherited)";
				SWIFT_OPTIMIZATION_LEVEL = "-Onone";
			};
			name = Debug;
		};
		B9C95C982DDE7AF60066DB62 /* Release */ = {
			isa = XCBuildConfiguration;
			buildSettings = {
				ALWAYS_SEARCH_USER_PATHS = NO;
				ASSETCATALOG_COMPILER_GENERATE_SWIFT_ASSET_SYMBOL_EXTENSIONS = YES;
				CLANG_ANALYZER_NONNULL = YES;
				CLANG_ANALYZER_NUMBER_OBJECT_CONVERSION = YES_AGGRESSIVE;
				CLANG_CXX_LANGUAGE_STANDARD = "gnu++20";
				CLANG_ENABLE_MODULES = YES;
				CLANG_ENABLE_OBJC_ARC = YES;
				CLANG_ENABLE_OBJC_WEAK = YES;
				CLANG_WARN_BLOCK_CAPTURE_AUTORELEASING = YES;
				CLANG_WARN_BOOL_CONVERSION = YES;
				CLANG_WARN_COMMA = YES;
				CLANG_WARN_CONSTANT_CONVERSION = YES;
				CLANG_WARN_DEPRECATED_OBJC_IMPLEMENTATIONS = YES;
				CLANG_WARN_DIRECT_OBJC_ISA_USAGE = YES_ERROR;
				CLANG_WARN_DOCUMENTATION_COMMENTS = YES;
				CLANG_WARN_EMPTY_BODY = YES;
				CLANG_WARN_ENUM_CONVERSION = YES;
				CLANG_WARN_INFINITE_RECURSION = YES;
				CLANG_WARN_INT_CONVERSION = YES;
				CLANG_WARN_NON_LITERAL_NULL_CONVERSION = YES;
				CLANG_WARN_OBJC_IMPLICIT_RETAIN_SELF = YES;
				CLANG_WARN_OBJC_LITERAL_CONVERSION = YES;
				CLANG_WARN_OBJC_ROOT_CLASS = YES_ERROR;
				CLANG_WARN_QUOTED_INCLUDE_IN_FRAMEWORK_HEADER = YES;
				CLANG_WARN_RANGE_LOOP_ANALYSIS = YES;
				CLANG_WARN_STRICT_PROTOTYPES = YES;
				CLANG_WARN_SUSPICIOUS_MOVE = YES;
				CLANG_WARN_UNGUARDED_AVAILABILITY = YES_AGGRESSIVE;
				CLANG_WARN_UNREACHABLE_CODE = YES;
				CLANG_WARN__DUPLICATE_METHOD_MATCH = YES;
				COPY_PHASE_STRIP = NO;
				DEBUG_INFORMATION_FORMAT = "dwarf-with-dsym";
				ENABLE_NS_ASSERTIONS = NO;
				ENABLE_STRICT_OBJC_MSGSEND = YES;
				ENABLE_USER_SCRIPT_SANDBOXING = YES;
				GCC_C_LANGUAGE_STANDARD = gnu17;
				GCC_NO_COMMON_BLOCKS = YES;
				GCC_WARN_64_TO_32_BIT_CONVERSION = YES;
				GCC_WARN_ABOUT_RETURN_TYPE = YES_ERROR;
				GCC_WARN_UNDECLARED_SELECTOR = YES;
				GCC_WARN_UNINITIALIZED_AUTOS = YES_AGGRESSIVE;
				GCC_WARN_UNUSED_FUNCTION = YES;
				GCC_WARN_UNUSED_VARIABLE = YES;
				IPHONEOS_DEPLOYMENT_TARGET = 18.4;
				LOCALIZATION_PREFERS_STRING_CATALOGS = YES;
				MTL_ENABLE_DEBUG_INFO = NO;
				MTL_FAST_MATH = YES;
				SDKROOT = iphoneos;
				SWIFT_COMPILATION_MODE = wholemodule;
				VALIDATE_PRODUCT = YES;
			};
			name = Release;
		};
		B9C95C9A2DDE7AF60066DB62 /* Debug */ = {
			isa = XCBuildConfiguration;
			buildSettings = {
				ASSETCATALOG_COMPILER_APPICON_NAME = AppIcon;
				ASSETCATALOG_COMPILER_GLOBAL_ACCENT_COLOR_NAME = AccentColor;
				CODE_SIGN_STYLE = Automatic;
				CURRENT_PROJECT_VERSION = 1;
				ENABLE_PREVIEWS = YES;
				GENERATE_INFOPLIST_FILE = YES;
				INFOPLIST_KEY_UIApplicationSceneManifest_Generation = YES;
				INFOPLIST_KEY_UIApplicationSupportsIndirectInputEvents = YES;
				INFOPLIST_KEY_UILaunchScreen_Generation = YES;
				INFOPLIST_KEY_UISupportedInterfaceOrientations_iPad = "UIInterfaceOrientationPortrait UIInterfaceOrientationPortraitUpsideDown UIInterfaceOrientationLandscapeLeft UIInterfaceOrientationLandscapeRight";
				INFOPLIST_KEY_UISupportedInterfaceOrientations_iPhone = "UIInterfaceOrientationPortrait UIInterfaceOrientationLandscapeLeft UIInterfaceOrientationLandscapeRight";
				LD_RUNPATH_SEARCH_PATHS = (
					"$(inherited)",
					"@executable_path/Frameworks",
				);
				MARKETING_VERSION = 1.0;
				PRODUCT_BUNDLE_IDENTIFIER = itlabs.SwiftUIAsyncImage;
				PRODUCT_NAME = "$(TARGET_NAME)";
				SWIFT_EMIT_LOC_STRINGS = YES;
				SWIFT_VERSION = 5.0;
				TARGETED_DEVICE_FAMILY = "1,2";
			};
			name = Debug;
		};
		B9C95C9B2DDE7AF60066DB62 /* Release */ = {
			isa = XCBuildConfiguration;
			buildSettings = {
				ASSETCATALOG_COMPILER_APPICON_NAME = AppIcon;
				ASSETCATALOG_COMPILER_GLOBAL_ACCENT_COLOR_NAME = AccentColor;
				CODE_SIGN_STYLE = Automatic;
				CURRENT_PROJECT_VERSION = 1;
				ENABLE_PREVIEWS = YES;
				GENERATE_INFOPLIST_FILE = YES;
				INFOPLIST_KEY_UIApplicationSceneManifest_Generation = YES;
				INFOPLIST_KEY_UIApplicationSupportsIndirectInputEvents = YES;
				INFOPLIST_KEY_UILaunchScreen_Generation = YES;
				INFOPLIST_KEY_UISupportedInterfaceOrientations_iPad = "UIInterfaceOrientationPortrait UIInterfaceOrientationPortraitUpsideDown UIInterfaceOrientationLandscapeLeft UIInterfaceOrientationLandscapeRight";
				INFOPLIST_KEY_UISupportedInterfaceOrientations_iPhone = "UIInterfaceOrientationPortrait UIInterfaceOrientationLandscapeLeft UIInterfaceOrientationLandscapeRight";
				LD_RUNPATH_SEARCH_PATHS = (
					"$(inherited)",
					"@executable_path/Frameworks",
				);
				MARKETING_VERSION = 1.0;
				PRODUCT_BUNDLE_IDENTIFIER = itlabs.SwiftUIAsyncImage;
				PRODUCT_NAME = "$(TARGET_NAME)";
				SWIFT_EMIT_LOC_STRINGS = YES;
				SWIFT_VERSION = 5.0;
				TARGETED_DEVICE_FAMILY = "1,2";
			};
			name = Release;
		};
		B9C95C9D2DDE7AF60066DB62 /* Debug */ = {
			isa = XCBuildConfiguration;
			buildSettings = {
				BUNDLE_LOADER = "$(TEST_HOST)";
				CODE_SIGN_STYLE = Automatic;
				CURRENT_PROJECT_VERSION = 1;
				GENERATE_INFOPLIST_FILE = YES;
				IPHONEOS_DEPLOYMENT_TARGET = 18.4;
				MARKETING_VERSION = 1.0;
				PRODUCT_BUNDLE_IDENTIFIER = itlabs.SwiftUIAsyncImageTests;
				PRODUCT_NAME = "$(TARGET_NAME)";
				SWIFT_EMIT_LOC_STRINGS = NO;
				SWIFT_VERSION = 5.0;
				TARGETED_DEVICE_FAMILY = "1,2";
				TEST_HOST = "$(BUILT_PRODUCTS_DIR)/SwiftUIAsyncImage.app/$(BUNDLE_EXECUTABLE_FOLDER_PATH)/SwiftUIAsyncImage";
			};
			name = Debug;
		};
		B9C95C9E2DDE7AF60066DB62 /* Release */ = {
			isa = XCBuildConfiguration;
			buildSettings = {
				BUNDLE_LOADER = "$(TEST_HOST)";
				CODE_SIGN_STYLE = Automatic;
				CURRENT_PROJECT_VERSION = 1;
				GENERATE_INFOPLIST_FILE = YES;
				IPHONEOS_DEPLOYMENT_TARGET = 18.4;
				MARKETING_VERSION = 1.0;
				PRODUCT_BUNDLE_IDENTIFIER = itlabs.SwiftUIAsyncImageTests;
				PRODUCT_NAME = "$(TARGET_NAME)";
				SWIFT_EMIT_LOC_STRINGS = NO;
				SWIFT_VERSION = 5.0;
				TARGETED_DEVICE_FAMILY = "1,2";
				TEST_HOST = "$(BUILT_PRODUCTS_DIR)/SwiftUIAsyncImage.app/$(BUNDLE_EXECUTABLE_FOLDER_PATH)/SwiftUIAsyncImage";
			};
			name = Release;
		};
		B9C95CA02DDE7AF60066DB62 /* Debug */ = {
			isa = XCBuildConfiguration;
			buildSettings = {
				CODE_SIGN_STYLE = Automatic;
				CURRENT_PROJECT_VERSION = 1;
				GENERATE_INFOPLIST_FILE = YES;
				MARKETING_VERSION = 1.0;
				PRODUCT_BUNDLE_IDENTIFIER = itlabs.SwiftUIAsyncImageUITests;
				PRODUCT_NAME = "$(TARGET_NAME)";
				SWIFT_EMIT_LOC_STRINGS = NO;
				SWIFT_VERSION = 5.0;
				TARGETED_DEVICE_FAMILY = "1,2";
				TEST_TARGET_NAME = SwiftUIAsyncImage;
			};
			name = Debug;
		};
		B9C95CA12DDE7AF60066DB62 /* Release */ = {
			isa = XCBuildConfiguration;
			buildSettings = {
				CODE_SIGN_STYLE = Automatic;
				CURRENT_PROJECT_VERSION = 1;
				GENERATE_INFOPLIST_FILE = YES;
				MARKETING_VERSION = 1.0;
				PRODUCT_BUNDLE_IDENTIFIER = itlabs.SwiftUIAsyncImageUITests;
				PRODUCT_NAME = "$(TARGET_NAME)";
				SWIFT_EMIT_LOC_STRINGS = NO;
				SWIFT_VERSION = 5.0;
				TARGETED_DEVICE_FAMILY = "1,2";
				TEST_TARGET_NAME = SwiftUIAsyncImage;
			};
			name = Release;
		};
/* End XCBuildConfiguration section */

/* Begin XCConfigurationList section */
		B9C95C732DDE7AF40066DB62 /* Build configuration list for PBXProject "SwiftUIAsyncImage" */ = {
			isa = XCConfigurationList;
			buildConfigurations = (
				B9C95C972DDE7AF60066DB62 /* Debug */,
				B9C95C982DDE7AF60066DB62 /* Release */,
			);
			defaultConfigurationIsVisible = 0;
			defaultConfigurationName = Release;
		};
		B9C95C992DDE7AF60066DB62 /* Build configuration list for PBXNativeTarget "SwiftUIAsyncImage" */ = {
			isa = XCConfigurationList;
			buildConfigurations = (
				B9C95C9A2DDE7AF60066DB62 /* Debug */,
				B9C95C9B2DDE7AF60066DB62 /* Release */,
			);
			defaultConfigurationIsVisible = 0;
			defaultConfigurationName = Release;
		};
		B9C95C9C2DDE7AF60066DB62 /* Build configuration list for PBXNativeTarget "SwiftUIAsyncImageTests" */ = {
			isa = XCConfigurationList;
			buildConfigurations = (
				B9C95C9D2DDE7AF60066DB62 /* Debug */,
				B9C95C9E2DDE7AF60066DB62 /* Release */,
			);
			defaultConfigurationIsVisible = 0;
			defaultConfigurationName = Release;
		};
		B9C95C9F2DDE7AF60066DB62 /* Build configuration list for PBXNativeTarget "SwiftUIAsyncImageUITests" */ = {
			isa = XCConfigurationList;
			buildConfigurations = (
				B9C95CA02DDE7AF60066DB62 /* Debug */,
				B9C95CA12DDE7AF60066DB62 /* Release */,
			);
			defaultConfigurationIsVisible = 0;
			defaultConfigurationName = Release;
		};
/* End XCConfigurationList section */
	};
	rootObject = B9C95C702DDE7AF40066DB62 /* Project object */;
}
